Microsoft Visual Studio Solution File, Format Version 12.00
# Visual Studio Version 17
VisualStudioVersion = 17.5.2.0
MinimumVisualStudioVersion = 10.0.40219.1
Project("{FAE04EC0-301F-11D3-BF4B-00C04F79EFBC}") = "IdentityService", "IdentityService\IdentityService.csproj", "{A234FC94-AA51-A558-AC74-0D69EA0D971A}"
EndProject
Project("{FAE04EC0-301F-11D3-BF4B-00C04F79EFBC}") = "MentoringSystem.Shared", "MentoringSystem.Shared\MentoringSystem.Shared.csproj", "{6065309D-F935-4258-8F96-23A4408D1C62}"
EndProject
Project("{FAE04EC0-301F-11D3-BF4B-00C04F79EFBC}") = "ChatService.Tests", "ChatService.Tests\ChatService.Tests.csproj", "{340A8B82-0680-46A2-9064-848B733B7580}"
EndProject
Project("{FAE04EC0-301F-11D3-BF4B-00C04F79EFBC}") = "NotificationService.Tests", "NotificationService.Tests\NotificationService.Tests.csproj", "{49E48F11-BC47-4A64-A612-7D7A3FD87CDD}"
EndProject
Project("{FAE04EC0-301F-11D3-BF4B-00C04F79EFBC}") = "IdentityService.Tests", "IdentityService.Tests\IdentityService.Tests.csproj", "{A248BAAA-B0CD-4849-898D-BAE735C40E95}"
EndProject
Project("{FAE04EC0-301F-11D3-BF4B-00C04F79EFBC}") = "EvaluationService.Tests", "EvaluationService.Tests\EvaluationService.Tests.csproj", "{AAFD7999-7627-4813-B1C5-DCFA690A0D87}"
EndProject
Project("{FAE04EC0-301F-11D3-BF4B-00C04F79EFBC}") = "PriorityService.Tests", "PriorityService.Tests\PriorityService.Tests.csproj", "{0AEEA4B0-3C40-4C32-A67E-667710877CE2}"
EndProject
Project("{FAE04EC0-301F-11D3-BF4B-00C04F79EFBC}") = "AnalyticsService.Tests", "AnalyticsService.Tests\AnalyticsService.Tests.csproj", "{CCD9CC4A-E7B9-42EC-92BF-D11DFCF594E6}"
EndProject
Global
	GlobalSection(SolutionConfigurationPlatforms) = preSolution
		Debug|Any CPU = Debug|Any CPU
		Release|Any CPU = Release|Any CPU
	EndGlobalSection
	GlobalSection(ProjectConfigurationPlatforms) = postSolution
		{A234FC94-AA51-A558-AC74-0D69EA0D971A}.Debug|Any CPU.ActiveCfg = Debug|Any CPU
		{A234FC94-AA51-A558-AC74-0D69EA0D971A}.Debug|Any CPU.Build.0 = Debug|Any CPU
		{A234FC94-AA51-A558-AC74-0D69EA0D971A}.Release|Any CPU.ActiveCfg = Release|Any CPU
		{A234FC94-AA51-A558-AC74-0D69EA0D971A}.Release|Any CPU.Build.0 = Release|Any CPU
		{6065309D-F935-4258-8F96-23A4408D1C62}.Debug|Any CPU.ActiveCfg = Debug|Any CPU
		{6065309D-F935-4258-8F96-23A4408D1C62}.Debug|Any CPU.Build.0 = Debug|Any CPU
		{6065309D-F935-4258-8F96-23A4408D1C62}.Release|Any CPU.ActiveCfg = Release|Any CPU
		{6065309D-F935-4258-8F96-23A4408D1C62}.Release|Any CPU.Build.0 = Release|Any CPU
		{340A8B82-0680-46A2-9064-848B733B7580}.Debug|Any CPU.ActiveCfg = Debug|Any CPU
		{340A8B82-0680-46A2-9064-848B733B7580}.Debug|Any CPU.Build.0 = Debug|Any CPU
		{340A8B82-0680-46A2-9064-848B733B7580}.Release|Any CPU.ActiveCfg = Release|Any CPU
		{340A8B82-0680-46A2-9064-848B733B7580}.Release|Any CPU.Build.0 = Release|Any CPU
		{49E48F11-BC47-4A64-A612-7D7A3FD87CDD}.Debug|Any CPU.ActiveCfg = Debug|Any CPU
		{49E48F11-BC47-4A64-A612-7D7A3FD87CDD}.Debug|Any CPU.Build.0 = Debug|Any CPU
		{49E48F11-BC47-4A64-A612-7D7A3FD87CDD}.Release|Any CPU.ActiveCfg = Release|Any CPU
		{49E48F11-BC47-4A64-A612-7D7A3FD87CDD}.Release|Any CPU.Build.0 = Release|Any CPU
		{A248BAAA-B0CD-4849-898D-BAE735C40E95}.Debug|Any CPU.ActiveCfg = Debug|Any CPU
		{A248BAAA-B0CD-4849-898D-BAE735C40E95}.Debug|Any CPU.Build.0 = Debug|Any CPU
		{A248BAAA-B0CD-4849-898D-BAE735C40E95}.Release|Any CPU.ActiveCfg = Release|Any CPU
		{A248BAAA-B0CD-4849-898D-BAE735C40E95}.Release|Any CPU.Build.0 = Release|Any CPU
		{AAFD7999-7627-4813-B1C5-DCFA690A0D87}.Debug|Any CPU.ActiveCfg = Debug|Any CPU
		{AAFD7999-7627-4813-B1C5-DCFA690A0D87}.Debug|Any CPU.Build.0 = Debug|Any CPU
		{AAFD7999-7627-4813-B1C5-DCFA690A0D87}.Release|Any CPU.ActiveCfg = Release|Any CPU
		{AAFD7999-7627-4813-B1C5-DCFA690A0D87}.Release|Any CPU.Build.0 = Release|Any CPU
		{0AEEA4B0-3C40-4C32-A67E-667710877CE2}.Debug|Any CPU.ActiveCfg = Debug|Any CPU
		{0AEEA4B0-3C40-4C32-A67E-667710877CE2}.Debug|Any CPU.Build.0 = Debug|Any CPU
		{0AEEA4B0-3C40-4C32-A67E-667710877CE2}.Release|Any CPU.ActiveCfg = Release|Any CPU
		{0AEEA4B0-3C40-4C32-A67E-667710877CE2}.Release|Any CPU.Build.0 = Release|Any CPU
		{CCD9CC4A-E7B9-42EC-92BF-D11DFCF594E6}.Debug|Any CPU.ActiveCfg = Debug|Any CPU
		{CCD9CC4A-E7B9-42EC-92BF-D11DFCF594E6}.Debug|Any CPU.Build.0 = Debug|Any CPU
		{CCD9CC4A-E7B9-42EC-92BF-D11DFCF594E6}.Release|Any CPU.ActiveCfg = Release|Any CPU
		{CCD9CC4A-E7B9-42EC-92BF-D11DFCF594E6}.Release|Any CPU.Build.0 = Release|Any CPU
	EndGlobalSection
	GlobalSection(SolutionProperties) = preSolution
		HideSolutionNode = FALSE
	EndGlobalSection
	GlobalSection(ExtensibilityGlobals) = postSolution
		SolutionGuid = {0D5F8F60-881E-4B28-BE08-FCB3E0A59A65}
	EndGlobalSection
EndGlobal
